// !$*UTF8*$!
{
	archiveVersion = 1;
	classes = {
	};
	objectVersion = 50;
	objects = {

/* Begin PBXBuildFile section */
		2E6A1C9D20829F5C00735B8A /* AppDelegate.swift in Sources */ = {isa = PBXBuildFile; fileRef = 2E6A1C9C20829F5C00735B8A /* AppDelegate.swift */; };
		2E6A1C9F20829F5C00735B8A /* ViewController.swift in Sources */ = {isa = PBXBuildFile; fileRef = 2E6A1C9E20829F5C00735B8A /* ViewController.swift */; };
		2E6A1CA220829F5C00735B8A /* Main.storyboard in Resources */ = {isa = PBXBuildFile; fileRef = 2E6A1CA020829F5C00735B8A /* Main.storyboard */; };
		2E6A1CA420829F5C00735B8A /* Assets.xcassets in Resources */ = {isa = PBXBuildFile; fileRef = 2E6A1CA320829F5C00735B8A /* Assets.xcassets */; };
		2E6A1CA720829F5C00735B8A /* LaunchScreen.storyboard in Resources */ = {isa = PBXBuildFile; fileRef = 2E6A1CA520829F5C00735B8A /* LaunchScreen.storyboard */; };
		2E6A1CB220829F5D00735B8A /* PipeCalculatorTests.swift in Sources */ = {isa = PBXBuildFile; fileRef = 2E6A1CB120829F5D00735B8A /* PipeCalculatorTests.swift */; };
		2E6A1CBD2082A33300735B8A /* American_Water_Works_Company_Logo.png in Resources */ = {isa = PBXBuildFile; fileRef = 2E6A1CBC2082A33300735B8A /* American_Water_Works_Company_Logo.png */; };
		2E6A1CC02082B5A600735B8A /* 53798312-water-pipe-with-a-blue-valve-icon-in-isometric-3d-style-on-a-white-background.jpg in Resources */ = {isa = PBXBuildFile; fileRef = 2E6A1CBF2082B5A600735B8A /* 53798312-water-pipe-with-a-blue-valve-icon-in-isometric-3d-style-on-a-white-background.jpg */; };
		2E6A1D2F2082B97300735B8A /* Icon-72.png in Resources */ = {isa = PBXBuildFile; fileRef = 2E6A1D112082B97100735B8A /* Icon-72.png */; };
		2E6A1D302082B97300735B8A /* Icon-80.png in Resources */ = {isa = PBXBuildFile; fileRef = 2E6A1D122082B97100735B8A /* Icon-80.png */; };
		2E6A1D312082B97300735B8A /* Icon-512.png in Resources */ = {isa = PBXBuildFile; fileRef = 2E6A1D132082B97100735B8A /* Icon-512.png */; };
		2E6A1D322082B97300735B8A /* Icon-50.png in Resources */ = {isa = PBXBuildFile; fileRef = 2E6A1D142082B97100735B8A /* Icon-50.png */; };
		2E6A1D332082B97300735B8A /* Icon-114.png in Resources */ = {isa = PBXBuildFile; fileRef = 2E6A1D152082B97100735B8A /* Icon-114.png */; };
		2E6A1D342082B97300735B8A /* Icon-1024.png in Resources */ = {isa = PBXBuildFile; fileRef = 2E6A1D162082B97100735B8A /* Icon-1024.png */; };
		2E6A1D352082B97300735B8A /* Icon-55.png in Resources */ = {isa = PBXBuildFile; fileRef = 2E6A1D172082B97100735B8A /* Icon-55.png */; };
		2E6A1D362082B97300735B8A /* Icon-29.png in Resources */ = {isa = PBXBuildFile; fileRef = 2E6A1D182082B97100735B8A /* Icon-29.png */; };
		2E6A1D372082B97300735B8A /* Icon-16.png in Resources */ = {isa = PBXBuildFile; fileRef = 2E6A1D192082B97100735B8A /* Icon-16.png */; };
		2E6A1D382082B97300735B8A /* Icon-76.png in Resources */ = {isa = PBXBuildFile; fileRef = 2E6A1D1A2082B97100735B8A /* Icon-76.png */; };
		2E6A1D392082B97300735B8A /* Icon-87.png in Resources */ = {isa = PBXBuildFile; fileRef = 2E6A1D1B2082B97100735B8A /* Icon-87.png */; };
		2E6A1D3A2082B97300735B8A /* Icon-48.png in Resources */ = {isa = PBXBuildFile; fileRef = 2E6A1D1C2082B97100735B8A /* Icon-48.png */; };
		2E6A1D3B2082B97300735B8A /* Icon-64.png in Resources */ = {isa = PBXBuildFile; fileRef = 2E6A1D1D2082B97100735B8A /* Icon-64.png */; };
		2E6A1D3C2082B97300735B8A /* Icon-172.png in Resources */ = {isa = PBXBuildFile; fileRef = 2E6A1D1E2082B97100735B8A /* Icon-172.png */; };
		2E6A1D3D2082B97300735B8A /* Icon-152.png in Resources */ = {isa = PBXBuildFile; fileRef = 2E6A1D1F2082B97100735B8A /* Icon-152.png */; };
		2E6A1D3E2082B97300735B8A /* Icon-128.png in Resources */ = {isa = PBXBuildFile; fileRef = 2E6A1D202082B97100735B8A /* Icon-128.png */; };
		2E6A1D3F2082B97300735B8A /* Icon-100.png in Resources */ = {isa = PBXBuildFile; fileRef = 2E6A1D212082B97100735B8A /* Icon-100.png */; };
		2E6A1D402082B97300735B8A /* Icon-58.png in Resources */ = {isa = PBXBuildFile; fileRef = 2E6A1D222082B97200735B8A /* Icon-58.png */; };
		2E6A1D412082B97300735B8A /* Icon-144.png in Resources */ = {isa = PBXBuildFile; fileRef = 2E6A1D232082B97200735B8A /* Icon-144.png */; };
		2E6A1D422082B97300735B8A /* Icon-60.png in Resources */ = {isa = PBXBuildFile; fileRef = 2E6A1D242082B97200735B8A /* Icon-60.png */; };
		2E6A1D432082B97300735B8A /* Icon-40.png in Resources */ = {isa = PBXBuildFile; fileRef = 2E6A1D252082B97200735B8A /* Icon-40.png */; };
		2E6A1D442082B97300735B8A /* Icon-57.png in Resources */ = {isa = PBXBuildFile; fileRef = 2E6A1D262082B97200735B8A /* Icon-57.png */; };
		2E6A1D452082B97300735B8A /* Icon-196.png in Resources */ = {isa = PBXBuildFile; fileRef = 2E6A1D272082B97200735B8A /* Icon-196.png */; };
		2E6A1D462082B97300735B8A /* Icon-88.png in Resources */ = {isa = PBXBuildFile; fileRef = 2E6A1D282082B97200735B8A /* Icon-88.png */; };
		2E6A1D472082B97300735B8A /* Icon-256.png in Resources */ = {isa = PBXBuildFile; fileRef = 2E6A1D292082B97200735B8A /* Icon-256.png */; };
		2E6A1D482082B97300735B8A /* Icon-167.png in Resources */ = {isa = PBXBuildFile; fileRef = 2E6A1D2A2082B97200735B8A /* Icon-167.png */; };
		2E6A1D492082B97300735B8A /* Icon-20.png in Resources */ = {isa = PBXBuildFile; fileRef = 2E6A1D2B2082B97200735B8A /* Icon-20.png */; };
		2E6A1D4A2082B97300735B8A /* Icon-120.png in Resources */ = {isa = PBXBuildFile; fileRef = 2E6A1D2C2082B97200735B8A /* Icon-120.png */; };
		2E6A1D4B2082B97300735B8A /* Icon-32.png in Resources */ = {isa = PBXBuildFile; fileRef = 2E6A1D2D2082B97200735B8A /* Icon-32.png */; };
		2E6A1D4C2082B97300735B8A /* Icon-180.png in Resources */ = {isa = PBXBuildFile; fileRef = 2E6A1D2E2082B97300735B8A /* Icon-180.png */; };
		2E6A1D5A20833E0000735B8A /* WebKit.framework in Frameworks */ = {isa = PBXBuildFile; fileRef = 2E6A1D5920833E0000735B8A /* WebKit.framework */; };
		2E6C53FB2083597200999685 /* WebView.swift in Sources */ = {isa = PBXBuildFile; fileRef = 2E6C53FA2083597200999685 /* WebView.swift */; };
/* End PBXBuildFile section */

/* Begin PBXContainerItemProxy section */
		2E6A1CAE20829F5D00735B8A /* PBXContainerItemProxy */ = {
			isa = PBXContainerItemProxy;
			containerPortal = 2E6A1C9120829F5C00735B8A /* Project object */;
			proxyType = 1;
			remoteGlobalIDString = 2E6A1C9820829F5C00735B8A;
			remoteInfo = PipeCalculator;
		};
/* End PBXContainerItemProxy section */

/* Begin PBXFileReference section */
		2E6A1C9920829F5C00735B8A /* PipeCalculator.app */ = {isa = PBXFileReference; explicitFileType = wrapper.application; includeInIndex = 0; path = PipeCalculator.app; sourceTree = BUILT_PRODUCTS_DIR; };
		2E6A1C9C20829F5C00735B8A /* AppDelegate.swift */ = {isa = PBXFileReference; lastKnownFileType = sourcecode.swift; path = AppDelegate.swift; sourceTree = "<group>"; };
		2E6A1C9E20829F5C00735B8A /* ViewController.swift */ = {isa = PBXFileReference; lastKnownFileType = sourcecode.swift; path = ViewController.swift; sourceTree = "<group>"; };
		2E6A1CA120829F5C00735B8A /* Base */ = {isa = PBXFileReference; lastKnownFileType = file.storyboard; name = Base; path = Base.lproj/Main.storyboard; sourceTree = "<group>"; };
		2E6A1CA320829F5C00735B8A /* Assets.xcassets */ = {isa = PBXFileReference; lastKnownFileType = folder.assetcatalog; path = Assets.xcassets; sourceTree = "<group>"; };
		2E6A1CA620829F5C00735B8A /* Base */ = {isa = PBXFileReference; lastKnownFileType = file.storyboard; name = Base; path = Base.lproj/LaunchScreen.storyboard; sourceTree = "<group>"; };
		2E6A1CA820829F5D00735B8A /* Info.plist */ = {isa = PBXFileReference; lastKnownFileType = text.plist.xml; path = Info.plist; sourceTree = "<group>"; };
		2E6A1CAD20829F5D00735B8A /* PipeCalculatorTests.xctest */ = {isa = PBXFileReference; explicitFileType = wrapper.cfbundle; includeInIndex = 0; path = PipeCalculatorTests.xctest; sourceTree = BUILT_PRODUCTS_DIR; };
		2E6A1CB120829F5D00735B8A /* PipeCalculatorTests.swift */ = {isa = PBXFileReference; lastKnownFileType = sourcecode.swift; path = PipeCalculatorTests.swift; sourceTree = "<group>"; };
		2E6A1CB320829F5D00735B8A /* Info.plist */ = {isa = PBXFileReference; lastKnownFileType = text.plist.xml; path = Info.plist; sourceTree = "<group>"; };
		2E6A1CBC2082A33300735B8A /* American_Water_Works_Company_Logo.png */ = {isa = PBXFileReference; lastKnownFileType = image.png; path = American_Water_Works_Company_Logo.png; sourceTree = "<group>"; };
		2E6A1CBF2082B5A600735B8A /* 53798312-water-pipe-with-a-blue-valve-icon-in-isometric-3d-style-on-a-white-background.jpg */ = {isa = PBXFileReference; lastKnownFileType = image.jpeg; path = "53798312-water-pipe-with-a-blue-valve-icon-in-isometric-3d-style-on-a-white-background.jpg"; sourceTree = "<group>"; };
		2E6A1D112082B97100735B8A /* Icon-72.png */ = {isa = PBXFileReference; lastKnownFileType = image.png; path = "Icon-72.png"; sourceTree = "<group>"; };
		2E6A1D122082B97100735B8A /* Icon-80.png */ = {isa = PBXFileReference; lastKnownFileType = image.png; path = "Icon-80.png"; sourceTree = "<group>"; };
		2E6A1D132082B97100735B8A /* Icon-512.png */ = {isa = PBXFileReference; lastKnownFileType = image.png; path = "Icon-512.png"; sourceTree = "<group>"; };
		2E6A1D142082B97100735B8A /* Icon-50.png */ = {isa = PBXFileReference; lastKnownFileType = image.png; path = "Icon-50.png"; sourceTree = "<group>"; };
		2E6A1D152082B97100735B8A /* Icon-114.png */ = {isa = PBXFileReference; lastKnownFileType = image.png; path = "Icon-114.png"; sourceTree = "<group>"; };
		2E6A1D162082B97100735B8A /* Icon-1024.png */ = {isa = PBXFileReference; lastKnownFileType = image.png; path = "Icon-1024.png"; sourceTree = "<group>"; };
		2E6A1D172082B97100735B8A /* Icon-55.png */ = {isa = PBXFileReference; lastKnownFileType = image.png; path = "Icon-55.png"; sourceTree = "<group>"; };
		2E6A1D182082B97100735B8A /* Icon-29.png */ = {isa = PBXFileReference; lastKnownFileType = image.png; path = "Icon-29.png"; sourceTree = "<group>"; };
		2E6A1D192082B97100735B8A /* Icon-16.png */ = {isa = PBXFileReference; lastKnownFileType = image.png; path = "Icon-16.png"; sourceTree = "<group>"; };
		2E6A1D1A2082B97100735B8A /* Icon-76.png */ = {isa = PBXFileReference; lastKnownFileType = image.png; path = "Icon-76.png"; sourceTree = "<group>"; };
		2E6A1D1B2082B97100735B8A /* Icon-87.png */ = {isa = PBXFileReference; lastKnownFileType = image.png; path = "Icon-87.png"; sourceTree = "<group>"; };
		2E6A1D1C2082B97100735B8A /* Icon-48.png */ = {isa = PBXFileReference; lastKnownFileType = image.png; path = "Icon-48.png"; sourceTree = "<group>"; };
		2E6A1D1D2082B97100735B8A /* Icon-64.png */ = {isa = PBXFileReference; lastKnownFileType = image.png; path = "Icon-64.png"; sourceTree = "<group>"; };
		2E6A1D1E2082B97100735B8A /* Icon-172.png */ = {isa = PBXFileReference; lastKnownFileType = image.png; path = "Icon-172.png"; sourceTree = "<group>"; };
		2E6A1D1F2082B97100735B8A /* Icon-152.png */ = {isa = PBXFileReference; lastKnownFileType = image.png; path = "Icon-152.png"; sourceTree = "<group>"; };
		2E6A1D202082B97100735B8A /* Icon-128.png */ = {isa = PBXFileReference; lastKnownFileType = image.png; path = "Icon-128.png"; sourceTree = "<group>"; };
		2E6A1D212082B97100735B8A /* Icon-100.png */ = {isa = PBXFileReference; lastKnownFileType = image.png; path = "Icon-100.png"; sourceTree = "<group>"; };
		2E6A1D222082B97200735B8A /* Icon-58.png */ = {isa = PBXFileReference; lastKnownFileType = image.png; path = "Icon-58.png"; sourceTree = "<group>"; };
		2E6A1D232082B97200735B8A /* Icon-144.png */ = {isa = PBXFileReference; lastKnownFileType = image.png; path = "Icon-144.png"; sourceTree = "<group>"; };
		2E6A1D242082B97200735B8A /* Icon-60.png */ = {isa = PBXFileReference; lastKnownFileType = image.png; path = "Icon-60.png"; sourceTree = "<group>"; };
		2E6A1D252082B97200735B8A /* Icon-40.png */ = {isa = PBXFileReference; lastKnownFileType = image.png; path = "Icon-40.png"; sourceTree = "<group>"; };
		2E6A1D262082B97200735B8A /* Icon-57.png */ = {isa = PBXFileReference; lastKnownFileType = image.png; path = "Icon-57.png"; sourceTree = "<group>"; };
		2E6A1D272082B97200735B8A /* Icon-196.png */ = {isa = PBXFileReference; lastKnownFileType = image.png; path = "Icon-196.png"; sourceTree = "<group>"; };
		2E6A1D282082B97200735B8A /* Icon-88.png */ = {isa = PBXFileReference; lastKnownFileType = image.png; path = "Icon-88.png"; sourceTree = "<group>"; };
		2E6A1D292082B97200735B8A /* Icon-256.png */ = {isa = PBXFileReference; lastKnownFileType = image.png; path = "Icon-256.png"; sourceTree = "<group>"; };
		2E6A1D2A2082B97200735B8A /* Icon-167.png */ = {isa = PBXFileReference; lastKnownFileType = image.png; path = "Icon-167.png"; sourceTree = "<group>"; };
		2E6A1D2B2082B97200735B8A /* Icon-20.png */ = {isa = PBXFileReference; lastKnownFileType = image.png; path = "Icon-20.png"; sourceTree = "<group>"; };
		2E6A1D2C2082B97200735B8A /* Icon-120.png */ = {isa = PBXFileReference; lastKnownFileType = image.png; path = "Icon-120.png"; sourceTree = "<group>"; };
		2E6A1D2D2082B97200735B8A /* Icon-32.png */ = {isa = PBXFileReference; lastKnownFileType = image.png; path = "Icon-32.png"; sourceTree = "<group>"; };
		2E6A1D2E2082B97300735B8A /* Icon-180.png */ = {isa = PBXFileReference; lastKnownFileType = image.png; path = "Icon-180.png"; sourceTree = "<group>"; };
		2E6A1D5920833E0000735B8A /* WebKit.framework */ = {isa = PBXFileReference; lastKnownFileType = wrapper.framework; name = WebKit.framework; path = System/Library/Frameworks/WebKit.framework; sourceTree = SDKROOT; };
		2E6C53FA2083597200999685 /* WebView.swift */ = {isa = PBXFileReference; lastKnownFileType = sourcecode.swift; path = WebView.swift; sourceTree = "<group>"; };
/* End PBXFileReference section */

/* Begin PBXFrameworksBuildPhase section */
		2E6A1C9620829F5C00735B8A /* Frameworks */ = {
			isa = PBXFrameworksBuildPhase;
			buildActionMask = 2147483647;
			files = (
				2E6A1D5A20833E0000735B8A /* WebKit.framework in Frameworks */,
			);
			runOnlyForDeploymentPostprocessing = 0;
		};
		2E6A1CAA20829F5D00735B8A /* Frameworks */ = {
			isa = PBXFrameworksBuildPhase;
			buildActionMask = 2147483647;
			files = (
			);
			runOnlyForDeploymentPostprocessing = 0;
		};
/* End PBXFrameworksBuildPhase section */

/* Begin PBXGroup section */
		2E6A1C9020829F5C00735B8A = {
			isa = PBXGroup;
			children = (
				2E6A1C9B20829F5C00735B8A /* PipeCalculator */,
				2E6A1CB020829F5D00735B8A /* PipeCalculatorTests */,
				2E6A1C9A20829F5C00735B8A /* Products */,
				2E6A1D5820833E0000735B8A /* Frameworks */,
			);
			sourceTree = "<group>";
		};
		2E6A1C9A20829F5C00735B8A /* Products */ = {
			isa = PBXGroup;
			children = (
				2E6A1C9920829F5C00735B8A /* PipeCalculator.app */,
				2E6A1CAD20829F5D00735B8A /* PipeCalculatorTests.xctest */,
			);
			name = Products;
			sourceTree = "<group>";
		};
		2E6A1C9B20829F5C00735B8A /* PipeCalculator */ = {
			isa = PBXGroup;
			children = (
				2E6A1C9C20829F5C00735B8A /* AppDelegate.swift */,
				2E6A1C9E20829F5C00735B8A /* ViewController.swift */,
				2E6A1CA020829F5C00735B8A /* Main.storyboard */,
				2E6C53FA2083597200999685 /* WebView.swift */,
				2E6A1CA320829F5C00735B8A /* Assets.xcassets */,
				2E6A1CA520829F5C00735B8A /* LaunchScreen.storyboard */,
				2E6A1CBE2082A33F00735B8A /* Images */,
				2E6A1CA820829F5D00735B8A /* Info.plist */,
			);
			path = PipeCalculator;
			sourceTree = "<group>";
		};
		2E6A1CB020829F5D00735B8A /* PipeCalculatorTests */ = {
			isa = PBXGroup;
			children = (
				2E6A1CB120829F5D00735B8A /* PipeCalculatorTests.swift */,
				2E6A1CB320829F5D00735B8A /* Info.plist */,
			);
			path = PipeCalculatorTests;
			sourceTree = "<group>";
		};
		2E6A1CBE2082A33F00735B8A /* Images */ = {
			isa = PBXGroup;
			children = (
				2E6A1D4D2082B97A00735B8A /* Icons */,
				2E6A1CBF2082B5A600735B8A /* 53798312-water-pipe-with-a-blue-valve-icon-in-isometric-3d-style-on-a-white-background.jpg */,
				2E6A1CBC2082A33300735B8A /* American_Water_Works_Company_Logo.png */,
			);
			path = Images;
			sourceTree = "<group>";
		};
		2E6A1D4D2082B97A00735B8A /* Icons */ = {
			isa = PBXGroup;
			children = (
				2E6A1D192082B97100735B8A /* Icon-16.png */,
				2E6A1D2B2082B97200735B8A /* Icon-20.png */,
				2E6A1D182082B97100735B8A /* Icon-29.png */,
				2E6A1D2D2082B97200735B8A /* Icon-32.png */,
				2E6A1D252082B97200735B8A /* Icon-40.png */,
				2E6A1D1C2082B97100735B8A /* Icon-48.png */,
				2E6A1D142082B97100735B8A /* Icon-50.png */,
				2E6A1D172082B97100735B8A /* Icon-55.png */,
				2E6A1D262082B97200735B8A /* Icon-57.png */,
				2E6A1D222082B97200735B8A /* Icon-58.png */,
				2E6A1D242082B97200735B8A /* Icon-60.png */,
				2E6A1D1D2082B97100735B8A /* Icon-64.png */,
				2E6A1D112082B97100735B8A /* Icon-72.png */,
				2E6A1D1A2082B97100735B8A /* Icon-76.png */,
				2E6A1D122082B97100735B8A /* Icon-80.png */,
				2E6A1D1B2082B97100735B8A /* Icon-87.png */,
				2E6A1D282082B97200735B8A /* Icon-88.png */,
				2E6A1D212082B97100735B8A /* Icon-100.png */,
				2E6A1D152082B97100735B8A /* Icon-114.png */,
				2E6A1D2C2082B97200735B8A /* Icon-120.png */,
				2E6A1D202082B97100735B8A /* Icon-128.png */,
				2E6A1D232082B97200735B8A /* Icon-144.png */,
				2E6A1D1F2082B97100735B8A /* Icon-152.png */,
				2E6A1D2A2082B97200735B8A /* Icon-167.png */,
				2E6A1D1E2082B97100735B8A /* Icon-172.png */,
				2E6A1D2E2082B97300735B8A /* Icon-180.png */,
				2E6A1D272082B97200735B8A /* Icon-196.png */,
				2E6A1D292082B97200735B8A /* Icon-256.png */,
				2E6A1D132082B97100735B8A /* Icon-512.png */,
				2E6A1D162082B97100735B8A /* Icon-1024.png */,
			);
			path = Icons;
			sourceTree = "<group>";
		};
		2E6A1D5820833E0000735B8A /* Frameworks */ = {
			isa = PBXGroup;
			children = (
				2E6A1D5920833E0000735B8A /* WebKit.framework */,
			);
			name = Frameworks;
			sourceTree = "<group>";
		};
/* End PBXGroup section */

/* Begin PBXNativeTarget section */
		2E6A1C9820829F5C00735B8A /* PipeCalculator */ = {
			isa = PBXNativeTarget;
			buildConfigurationList = 2E6A1CB620829F5D00735B8A /* Build configuration list for PBXNativeTarget "PipeCalculator" */;
			buildPhases = (
				2E6A1C9520829F5C00735B8A /* Sources */,
				2E6A1C9620829F5C00735B8A /* Frameworks */,
				2E6A1C9720829F5C00735B8A /* Resources */,
			);
			buildRules = (
			);
			dependencies = (
			);
			name = PipeCalculator;
			productName = PipeCalculator;
			productReference = 2E6A1C9920829F5C00735B8A /* PipeCalculator.app */;
			productType = "com.apple.product-type.application";
		};
		2E6A1CAC20829F5D00735B8A /* PipeCalculatorTests */ = {
			isa = PBXNativeTarget;
			buildConfigurationList = 2E6A1CB920829F5D00735B8A /* Build configuration list for PBXNativeTarget "PipeCalculatorTests" */;
			buildPhases = (
				2E6A1CA920829F5D00735B8A /* Sources */,
				2E6A1CAA20829F5D00735B8A /* Frameworks */,
				2E6A1CAB20829F5D00735B8A /* Resources */,
			);
			buildRules = (
			);
			dependencies = (
				2E6A1CAF20829F5D00735B8A /* PBXTargetDependency */,
			);
			name = PipeCalculatorTests;
			productName = PipeCalculatorTests;
			productReference = 2E6A1CAD20829F5D00735B8A /* PipeCalculatorTests.xctest */;
			productType = "com.apple.product-type.bundle.unit-test";
		};
/* End PBXNativeTarget section */

/* Begin PBXProject section */
		2E6A1C9120829F5C00735B8A /* Project object */ = {
			isa = PBXProject;
			attributes = {
				LastSwiftUpdateCheck = 0930;
				LastUpgradeCheck = 0930;
				ORGANIZATIONNAME = "Carson Lloyd";
				TargetAttributes = {
					2E6A1C9820829F5C00735B8A = {
						CreatedOnToolsVersion = 9.3;
					};
					2E6A1CAC20829F5D00735B8A = {
						CreatedOnToolsVersion = 9.3;
						TestTargetID = 2E6A1C9820829F5C00735B8A;
					};
				};
			};
			buildConfigurationList = 2E6A1C9420829F5C00735B8A /* Build configuration list for PBXProject "PipeCalculator" */;
			compatibilityVersion = "Xcode 9.3";
			developmentRegion = en;
			hasScannedForEncodings = 0;
			knownRegions = (
				en,
				Base,
			);
			mainGroup = 2E6A1C9020829F5C00735B8A;
			productRefGroup = 2E6A1C9A20829F5C00735B8A /* Products */;
			projectDirPath = "";
			projectRoot = "";
			targets = (
				2E6A1C9820829F5C00735B8A /* PipeCalculator */,
				2E6A1CAC20829F5D00735B8A /* PipeCalculatorTests */,
			);
		};
/* End PBXProject section */

/* Begin PBXResourcesBuildPhase section */
		2E6A1C9720829F5C00735B8A /* Resources */ = {
			isa = PBXResourcesBuildPhase;
			buildActionMask = 2147483647;
			files = (
				2E6A1D462082B97300735B8A /* Icon-88.png in Resources */,
				2E6A1D4B2082B97300735B8A /* Icon-32.png in Resources */,
				2E6A1D4A2082B97300735B8A /* Icon-120.png in Resources */,
				2E6A1D302082B97300735B8A /* Icon-80.png in Resources */,
				2E6A1CA720829F5C00735B8A /* LaunchScreen.storyboard in Resources */,
				2E6A1D3B2082B97300735B8A /* Icon-64.png in Resources */,
				2E6A1D382082B97300735B8A /* Icon-76.png in Resources */,
				2E6A1D392082B97300735B8A /* Icon-87.png in Resources */,
				2E6A1D352082B97300735B8A /* Icon-55.png in Resources */,
				2E6A1D322082B97300735B8A /* Icon-50.png in Resources */,
				2E6A1D362082B97300735B8A /* Icon-29.png in Resources */,
				2E6A1D432082B97300735B8A /* Icon-40.png in Resources */,
				2E6A1D3F2082B97300735B8A /* Icon-100.png in Resources */,
				2E6A1D4C2082B97300735B8A /* Icon-180.png in Resources */,
				2E6A1D332082B97300735B8A /* Icon-114.png in Resources */,
				2E6A1D422082B97300735B8A /* Icon-60.png in Resources */,
				2E6A1CBD2082A33300735B8A /* American_Water_Works_Company_Logo.png in Resources */,
				2E6A1D3E2082B97300735B8A /* Icon-128.png in Resources */,
				2E6A1CC02082B5A600735B8A /* 53798312-water-pipe-with-a-blue-valve-icon-in-isometric-3d-style-on-a-white-background.jpg in Resources */,
				2E6A1D3C2082B97300735B8A /* Icon-172.png in Resources */,
				2E6A1D402082B97300735B8A /* Icon-58.png in Resources */,
				2E6A1D442082B97300735B8A /* Icon-57.png in Resources */,
				2E6A1CA420829F5C00735B8A /* Assets.xcassets in Resources */,
				2E6A1D3D2082B97300735B8A /* Icon-152.png in Resources */,
				2E6A1D342082B97300735B8A /* Icon-1024.png in Resources */,
				2E6A1D492082B97300735B8A /* Icon-20.png in Resources */,
				2E6A1D312082B97300735B8A /* Icon-512.png in Resources */,
				2E6A1D372082B97300735B8A /* Icon-16.png in Resources */,
				2E6A1D3A2082B97300735B8A /* Icon-48.png in Resources */,
				2E6A1CA220829F5C00735B8A /* Main.storyboard in Resources */,
				2E6A1D482082B97300735B8A /* Icon-167.png in Resources */,
				2E6A1D452082B97300735B8A /* Icon-196.png in Resources */,
				2E6A1D412082B97300735B8A /* Icon-144.png in Resources */,
				2E6A1D472082B97300735B8A /* Icon-256.png in Resources */,
				2E6A1D2F2082B97300735B8A /* Icon-72.png in Resources */,
			);
			runOnlyForDeploymentPostprocessing = 0;
		};
		2E6A1CAB20829F5D00735B8A /* Resources */ = {
			isa = PBXResourcesBuildPhase;
			buildActionMask = 2147483647;
			files = (
			);
			runOnlyForDeploymentPostprocessing = 0;
		};
/* End PBXResourcesBuildPhase section */

/* Begin PBXSourcesBuildPhase section */
		2E6A1C9520829F5C00735B8A /* Sources */ = {
			isa = PBXSourcesBuildPhase;
			buildActionMask = 2147483647;
			files = (
				2E6C53FB2083597200999685 /* WebView.swift in Sources */,
				2E6A1C9F20829F5C00735B8A /* ViewController.swift in Sources */,
				2E6A1C9D20829F5C00735B8A /* AppDelegate.swift in Sources */,
			);
			runOnlyForDeploymentPostprocessing = 0;
		};
		2E6A1CA920829F5D00735B8A /* Sources */ = {
			isa = PBXSourcesBuildPhase;
			buildActionMask = 2147483647;
			files = (
				2E6A1CB220829F5D00735B8A /* PipeCalculatorTests.swift in Sources */,
			);
			runOnlyForDeploymentPostprocessing = 0;
		};
/* End PBXSourcesBuildPhase section */

/* Begin PBXTargetDependency section */
		2E6A1CAF20829F5D00735B8A /* PBXTargetDependency */ = {
			isa = PBXTargetDependency;
			target = 2E6A1C9820829F5C00735B8A /* PipeCalculator */;
			targetProxy = 2E6A1CAE20829F5D00735B8A /* PBXContainerItemProxy */;
		};
/* End PBXTargetDependency section */

/* Begin PBXVariantGroup section */
		2E6A1CA020829F5C00735B8A /* Main.storyboard */ = {
			isa = PBXVariantGroup;
			children = (
				2E6A1CA120829F5C00735B8A /* Base */,
			);
			name = Main.storyboard;
			sourceTree = "<group>";
		};
		2E6A1CA520829F5C00735B8A /* LaunchScreen.storyboard */ = {
			isa = PBXVariantGroup;
			children = (
				2E6A1CA620829F5C00735B8A /* Base */,
			);
			name = LaunchScreen.storyboard;
			sourceTree = "<group>";
		};
/* End PBXVariantGroup section */

/* Begin XCBuildConfiguration section */
		2E6A1CB420829F5D00735B8A /* Debug */ = {
			isa = XCBuildConfiguration;
			buildSettings = {
				ALWAYS_SEARCH_USER_PATHS = NO;
				CLANG_ANALYZER_NONNULL = YES;
				CLANG_ANALYZER_NUMBER_OBJECT_CONVERSION = YES_AGGRESSIVE;
				CLANG_CXX_LANGUAGE_STANDARD = "gnu++14";
				CLANG_CXX_LIBRARY = "libc++";
				CLANG_ENABLE_MODULES = YES;
				CLANG_ENABLE_OBJC_ARC = YES;
				CLANG_ENABLE_OBJC_WEAK = YES;
				CLANG_WARN_BLOCK_CAPTURE_AUTORELEASING = YES;
				CLANG_WARN_BOOL_CONVERSION = YES;
				CLANG_WARN_COMMA = YES;
				CLANG_WARN_CONSTANT_CONVERSION = YES;
				CLANG_WARN_DEPRECATED_OBJC_IMPLEMENTATIONS = YES;
				CLANG_WARN_DIRECT_OBJC_ISA_USAGE = YES_ERROR;
				CLANG_WARN_DOCUMENTATION_COMMENTS = YES;
				CLANG_WARN_EMPTY_BODY = YES;
				CLANG_WARN_ENUM_CONVERSION = YES;
				CLANG_WARN_INFINITE_RECURSION = YES;
				CLANG_WARN_INT_CONVERSION = YES;
				CLANG_WARN_NON_LITERAL_NULL_CONVERSION = YES;
				CLANG_WARN_OBJC_IMPLICIT_RETAIN_SELF = YES;
				CLANG_WARN_OBJC_LITERAL_CONVERSION = YES;
				CLANG_WARN_OBJC_ROOT_CLASS = YES_ERROR;
				CLANG_WARN_RANGE_LOOP_ANALYSIS = YES;
				CLANG_WARN_STRICT_PROTOTYPES = YES;
				CLANG_WARN_SUSPICIOUS_MOVE = YES;
				CLANG_WARN_UNGUARDED_AVAILABILITY = YES_AGGRESSIVE;
				CLANG_WARN_UNREACHABLE_CODE = YES;
				CLANG_WARN__DUPLICATE_METHOD_MATCH = YES;
				CODE_SIGN_IDENTITY = "iPhone Developer";
				COPY_PHASE_STRIP = NO;
				DEBUG_INFORMATION_FORMAT = dwarf;
				ENABLE_STRICT_OBJC_MSGSEND = YES;
				ENABLE_TESTABILITY = YES;
				GCC_C_LANGUAGE_STANDARD = gnu11;
				GCC_DYNAMIC_NO_PIC = NO;
				GCC_NO_COMMON_BLOCKS = YES;
				GCC_OPTIMIZATION_LEVEL = 0;
				GCC_PREPROCESSOR_DEFINITIONS = (
					"DEBUG=1",
					"$(inherited)",
				);
				GCC_WARN_64_TO_32_BIT_CONVERSION = YES;
				GCC_WARN_ABOUT_RETURN_TYPE = YES_ERROR;
				GCC_WARN_UNDECLARED_SELECTOR = YES;
				GCC_WARN_UNINITIALIZED_AUTOS = YES_AGGRESSIVE;
				GCC_WARN_UNUSED_FUNCTION = YES;
				GCC_WARN_UNUSED_VARIABLE = YES;
				IPHONEOS_DEPLOYMENT_TARGET = 11.3;
				MTL_ENABLE_DEBUG_INFO = YES;
				ONLY_ACTIVE_ARCH = YES;
				SDKROOT = iphoneos;
				SWIFT_ACTIVE_COMPILATION_CONDITIONS = DEBUG;
				SWIFT_OPTIMIZATION_LEVEL = "-Onone";
			};
			name = Debug;
		};
		2E6A1CB520829F5D00735B8A /* Release */ = {
			isa = XCBuildConfiguration;
			buildSettings = {
				ALWAYS_SEARCH_USER_PATHS = NO;
				CLANG_ANALYZER_NONNULL = YES;
				CLANG_ANALYZER_NUMBER_OBJECT_CONVERSION = YES_AGGRESSIVE;
				CLANG_CXX_LANGUAGE_STANDARD = "gnu++14";
				CLANG_CXX_LIBRARY = "libc++";
				CLANG_ENABLE_MODULES = YES;
				CLANG_ENABLE_OBJC_ARC = YES;
				CLANG_ENABLE_OBJC_WEAK = YES;
				CLANG_WARN_BLOCK_CAPTURE_AUTORELEASING = YES;
				CLANG_WARN_BOOL_CONVERSION = YES;
				CLANG_WARN_COMMA = YES;
				CLANG_WARN_CONSTANT_CONVERSION = YES;
				CLANG_WARN_DEPRECATED_OBJC_IMPLEMENTATIONS = YES;
				CLANG_WARN_DIRECT_OBJC_ISA_USAGE = YES_ERROR;
				CLANG_WARN_DOCUMENTATION_COMMENTS = YES;
				CLANG_WARN_EMPTY_BODY = YES;
				CLANG_WARN_ENUM_CONVERSION = YES;
				CLANG_WARN_INFINITE_RECURSION = YES;
				CLANG_WARN_INT_CONVERSION = YES;
				CLANG_WARN_NON_LITERAL_NULL_CONVERSION = YES;
				CLANG_WARN_OBJC_IMPLICIT_RETAIN_SELF = YES;
				CLANG_WARN_OBJC_LITERAL_CONVERSION = YES;
				CLANG_WARN_OBJC_ROOT_CLASS = YES_ERROR;
				CLANG_WARN_RANGE_LOOP_ANALYSIS = YES;
				CLANG_WARN_STRICT_PROTOTYPES = YES;
				CLANG_WARN_SUSPICIOUS_MOVE = YES;
				CLANG_WARN_UNGUARDED_AVAILABILITY = YES_AGGRESSIVE;
				CLANG_WARN_UNREACHABLE_CODE = YES;
				CLANG_WARN__DUPLICATE_METHOD_MATCH = YES;
				CODE_SIGN_IDENTITY = "iPhone Developer";
				COPY_PHASE_STRIP = NO;
				DEBUG_INFORMATION_FORMAT = "dwarf-with-dsym";
				ENABLE_NS_ASSERTIONS = NO;
				ENABLE_STRICT_OBJC_MSGSEND = YES;
				GCC_C_LANGUAGE_STANDARD = gnu11;
				GCC_NO_COMMON_BLOCKS = YES;
				GCC_WARN_64_TO_32_BIT_CONVERSION = YES;
				GCC_WARN_ABOUT_RETURN_TYPE = YES_ERROR;
				GCC_WARN_UNDECLARED_SELECTOR = YES;
				GCC_WARN_UNINITIALIZED_AUTOS = YES_AGGRESSIVE;
				GCC_WARN_UNUSED_FUNCTION = YES;
				GCC_WARN_UNUSED_VARIABLE = YES;
				IPHONEOS_DEPLOYMENT_TARGET = 11.3;
				MTL_ENABLE_DEBUG_INFO = NO;
				SDKROOT = iphoneos;
				SWIFT_COMPILATION_MODE = wholemodule;
				SWIFT_OPTIMIZATION_LEVEL = "-O";
				VALIDATE_PRODUCT = YES;
			};
			name = Release;
		};
		2E6A1CB720829F5D00735B8A /* Debug */ = {
			isa = XCBuildConfiguration;
			buildSettings = {
				ASSETCATALOG_COMPILER_APPICON_NAME = AppIcon;
				CODE_SIGN_STYLE = Automatic;
				DEVELOPMENT_TEAM = DKBT9C99G4;
				INFOPLIST_FILE = PipeCalculator/Info.plist;
				LD_RUNPATH_SEARCH_PATHS = (
					"$(inherited)",
					"@executable_path/Frameworks",
				);
				PRODUCT_BUNDLE_IDENTIFIER = com.PCF.PipeCalculator;
				PRODUCT_NAME = "$(TARGET_NAME)";
				SWIFT_VERSION = 4.0;
				TARGETED_DEVICE_FAMILY = "1,2";
			};
			name = Debug;
		};
		2E6A1CB820829F5D00735B8A /* Release */ = {
			isa = XCBuildConfiguration;
			buildSettings = {
				ASSETCATALOG_COMPILER_APPICON_NAME = AppIcon;
				CODE_SIGN_STYLE = Automatic;
				DEVELOPMENT_TEAM = DKBT9C99G4;
				INFOPLIST_FILE = PipeCalculator/Info.plist;
				LD_RUNPATH_SEARCH_PATHS = (
					"$(inherited)",
					"@executable_path/Frameworks",
				);
				PRODUCT_BUNDLE_IDENTIFIER = com.PCF.PipeCalculator;
				PRODUCT_NAME = "$(TARGET_NAME)";
				SWIFT_VERSION = 4.0;
				TARGETED_DEVICE_FAMILY = "1,2";
			};
			name = Release;
		};
		2E6A1CBA20829F5D00735B8A /* Debug */ = {
			isa = XCBuildConfiguration;
			buildSettings = {
				ALWAYS_EMBED_SWIFT_STANDARD_LIBRARIES = YES;
				BUNDLE_LOADER = "$(TEST_HOST)";
				CODE_SIGN_STYLE = Automatic;
				DEVELOPMENT_TEAM = DKBT9C99G4;
				INFOPLIST_FILE = PipeCalculatorTests/Info.plist;
				LD_RUNPATH_SEARCH_PATHS = (
					"$(inherited)",
					"@executable_path/Frameworks",
					"@loader_path/Frameworks",
				);
				PRODUCT_BUNDLE_IDENTIFIER = com.PCF.PipeCalculatorTests;
				PRODUCT_NAME = "$(TARGET_NAME)";
				SWIFT_VERSION = 4.0;
				TARGETED_DEVICE_FAMILY = "1,2";
				TEST_HOST = "$(BUILT_PRODUCTS_DIR)/PipeCalculator.app/PipeCalculator";
			};
			name = Debug;
		};
		2E6A1CBB20829F5D00735B8A /* Release */ = {
			isa = XCBuildConfiguration;
			buildSettings = {
				ALWAYS_EMBED_SWIFT_STANDARD_LIBRARIES = YES;
				BUNDLE_LOADER = "$(TEST_HOST)";
				CODE_SIGN_STYLE = Automatic;
				DEVELOPMENT_TEAM = DKBT9C99G4;
				INFOPLIST_FILE = PipeCalculatorTests/Info.plist;
				LD_RUNPATH_SEARCH_PATHS = (
					"$(inherited)",
					"@executable_path/Frameworks",
					"@loader_path/Frameworks",
				);
				PRODUCT_BUNDLE_IDENTIFIER = com.PCF.PipeCalculatorTests;
				PRODUCT_NAME = "$(TARGET_NAME)";
				SWIFT_VERSION = 4.0;
				TARGETED_DEVICE_FAMILY = "1,2";
				TEST_HOST = "$(BUILT_PRODUCTS_DIR)/PipeCalculator.app/PipeCalculator";
			};
			name = Release;
		};
/* End XCBuildConfiguration section */

/* Begin XCConfigurationList section */
		2E6A1C9420829F5C00735B8A /* Build configuration list for PBXProject "PipeCalculator" */ = {
			isa = XCConfigurationList;
			buildConfigurations = (
				2E6A1CB420829F5D00735B8A /* Debug */,
				2E6A1CB520829F5D00735B8A /* Release */,
			);
			defaultConfigurationIsVisible = 0;
			defaultConfigurationName = Release;
		};
		2E6A1CB620829F5D00735B8A /* Build configuration list for PBXNativeTarget "PipeCalculator" */ = {
			isa = XCConfigurationList;
			buildConfigurations = (
				2E6A1CB720829F5D00735B8A /* Debug */,
				2E6A1CB820829F5D00735B8A /* Release */,
			);
			defaultConfigurationIsVisible = 0;
			defaultConfigurationName = Release;
		};
		2E6A1CB920829F5D00735B8A /* Build configuration list for PBXNativeTarget "PipeCalculatorTests" */ = {
			isa = XCConfigurationList;
			buildConfigurations = (
				2E6A1CBA20829F5D00735B8A /* Debug */,
				2E6A1CBB20829F5D00735B8A /* Release */,
			);
			defaultConfigurationIsVisible = 0;
			defaultConfigurationName = Release;
		};
/* End XCConfigurationList section */
	};
	rootObject = 2E6A1C9120829F5C00735B8A /* Project object */;
}
